
Microsoft Visual Studio Solution File, Format Version 12.00
# Visual Studio Version 17
VisualStudioVersion = 17.3.32825.248
MinimumVisualStudioVersion = 10.0.40219.1
Project("{9A19103F-16F7-4668-BE54-9A1E7A4F7556}") = "QLQCFTest", "QLQCF\QLQCFTest.csproj", "{98E880BE-E296-484E-9173-B0B18B55435C}"
EndProject
Global
	GlobalSection(SolutionConfigurationPlatforms) = preSolution
		Debug|Any CPU = Debug|Any CPU
		Release|Any CPU = Release|Any CPU
	EndGlobalSection
	GlobalSection(ProjectConfigurationPlatforms) = postSolution
		{98E880BE-E296-484E-9173-B0B18B55435C}.Debug|Any CPU.ActiveCfg = Debug|Any CPU
		{98E880BE-E296-484E-9173-B0B18B55435C}.Debug|Any CPU.Build.0 = Debug|Any CPU
		{98E880BE-E296-484E-9173-B0B18B55435C}.Release|Any CPU.ActiveCfg = Release|Any CPU
		{98E880BE-E296-484E-9173-B0B18B55435C}.Release|Any CPU.Build.0 = Release|Any CPU
	EndGlobalSection
	GlobalSection(SolutionProperties) = preSolution
		HideSolutionNode = FALSE
	EndGlobalSection
	GlobalSection(ExtensibilityGlobals) = postSolution
		SolutionGuid = {66C19328-0C02-4FD2-AA85-7E97B4A59EF9}
	EndGlobalSection
EndGlobal
